
Microsoft Visual Studio Solution File, Format Version 12.00
# Visual Studio 15
VisualStudioVersion = 15.0.28010.0
MinimumVisualStudioVersion = 10.0.40219.1
Project("{9A19103F-16F7-4668-BE54-9A1E7A4F7556}") = "AppSettings", "src\AppSettings.csproj", "{7772DEF8-D8BA-437A-A5AE-094A64C0926A}"
EndProject
Project("{9A19103F-16F7-4668-BE54-9A1E7A4F7556}") = "AppSettings.TestUnit", "Test\Monarch.AppSettings.TestUnit\AppSettings.TestUnit.csproj", "{9619FD70-0B39-4BC2-877D-5F99D799FA07}"
EndProject
Global
	GlobalSection(SolutionConfigurationPlatforms) = preSolution
		Debug|Any CPU = Debug|Any CPU
		Release|Any CPU = Release|Any CPU
	EndGlobalSection
	GlobalSection(ProjectConfigurationPlatforms) = postSolution
		{7772DEF8-D8BA-437A-A5AE-094A64C0926A}.Debug|Any CPU.ActiveCfg = Debug|Any CPU
		{7772DEF8-D8BA-437A-A5AE-094A64C0926A}.Debug|Any CPU.Build.0 = Debug|Any CPU
		{7772DEF8-D8BA-437A-A5AE-094A64C0926A}.Release|Any CPU.ActiveCfg = Release|Any CPU
		{7772DEF8-D8BA-437A-A5AE-094A64C0926A}.Release|Any CPU.Build.0 = Release|Any CPU
		{9619FD70-0B39-4BC2-877D-5F99D799FA07}.Debug|Any CPU.ActiveCfg = Debug|Any CPU
		{9619FD70-0B39-4BC2-877D-5F99D799FA07}.Debug|Any CPU.Build.0 = Debug|Any CPU
		{9619FD70-0B39-4BC2-877D-5F99D799FA07}.Release|Any CPU.ActiveCfg = Release|Any CPU
		{9619FD70-0B39-4BC2-877D-5F99D799FA07}.Release|Any CPU.Build.0 = Release|Any CPU
	EndGlobalSection
	GlobalSection(SolutionProperties) = preSolution
		HideSolutionNode = FALSE
	EndGlobalSection
	GlobalSection(ExtensibilityGlobals) = postSolution
		SolutionGuid = {DAAE476F-DE0F-4C2C-87C5-57115E9AC1B1}
	EndGlobalSection
EndGlobal
